
Microsoft Visual Studio Solution File, Format Version 12.00
# Visual Studio 2013
VisualStudioVersion = 12.0.31101.0
MinimumVisualStudioVersion = 10.0.40219.1
Project("{FAE04EC0-301F-11D3-BF4B-00C04F79EFBC}") = "QuikGrubBusiness", "QuikGrubBusiness\QuikGrubBusiness.csproj", "{726B738E-3847-44F4-B2FD-E89DBBBE0C56}"
EndProject
Project("{2150E333-8FDC-42A3-9474-1A3956D46DE8}") = "PublishScripts", "PublishScripts", "{9BC39EF7-6A04-4322-8D6E-AB191C7A7963}"
	ProjectSection(SolutionItems) = preProject
		PublishScripts\AzureWebsitePublishModule.psm1 = PublishScripts\AzureWebsitePublishModule.psm1
		PublishScripts\Publish-WebApplicationWebsite.ps1 = PublishScripts\Publish-WebApplicationWebsite.ps1
	EndProjectSection
EndProject
Project("{2150E333-8FDC-42A3-9474-1A3956D46DE8}") = "Configurations", "Configurations", "{8BBDDD5E-DA22-4139-856F-D13770677531}"
	ProjectSection(SolutionItems) = preProject
		PublishScripts\Configurations\QuikGrubBusiness-WAWS-dev.json = PublishScripts\Configurations\QuikGrubBusiness-WAWS-dev.json
	EndProjectSection
EndProject
Global
	GlobalSection(TeamFoundationVersionControl) = preSolution
		SccNumberOfProjects = 2
		SccEnterpriseProvider = {4CA58AB2-18FA-4F8D-95D4-32DDF27D184C}
		SccTeamFoundationServer = https://cbudo.visualstudio.com/defaultcollection
		SccLocalPath0 = .
		SccProjectUniqueName1 = QuikGrubBusiness\\QuikGrubBusiness.csproj
		SccProjectName1 = QuikGrubBusiness
		SccLocalPath1 = QuikGrubBusiness
	EndGlobalSection
	GlobalSection(SolutionConfigurationPlatforms) = preSolution
		Debug|Any CPU = Debug|Any CPU
		Release|Any CPU = Release|Any CPU
	EndGlobalSection
	GlobalSection(ProjectConfigurationPlatforms) = postSolution
		{726B738E-3847-44F4-B2FD-E89DBBBE0C56}.Debug|Any CPU.ActiveCfg = Debug|Any CPU
		{726B738E-3847-44F4-B2FD-E89DBBBE0C56}.Debug|Any CPU.Build.0 = Debug|Any CPU
		{726B738E-3847-44F4-B2FD-E89DBBBE0C56}.Release|Any CPU.ActiveCfg = Release|Any CPU
		{726B738E-3847-44F4-B2FD-E89DBBBE0C56}.Release|Any CPU.Build.0 = Release|Any CPU
	EndGlobalSection
	GlobalSection(SolutionProperties) = preSolution
		HideSolutionNode = FALSE
	EndGlobalSection
	GlobalSection(NestedProjects) = preSolution
		{8BBDDD5E-DA22-4139-856F-D13770677531} = {9BC39EF7-6A04-4322-8D6E-AB191C7A7963}
	EndGlobalSection
EndGlobal
